
Microsoft Visual Studio Solution File, Format Version 12.00
# Visual Studio 15
VisualStudioVersion = 15.0.28307.421
MinimumVisualStudioVersion = 10.0.40219.1
Project("{FAE04EC0-301F-11D3-BF4B-00C04F79EFBC}") = "ExcelDemo", "ExcelDemo\ExcelDemo.csproj", "{C5048BBF-C349-4AD2-81ED-71142BF9A570}"
EndProject
Global
	GlobalSection(SolutionConfigurationPlatforms) = preSolution
		Debug|Any CPU = Debug|Any CPU
		Release|Any CPU = Release|Any CPU
	EndGlobalSection
	GlobalSection(ProjectConfigurationPlatforms) = postSolution
		{C5048BBF-C349-4AD2-81ED-71142BF9A570}.Debug|Any CPU.ActiveCfg = Debug|Any CPU
		{C5048BBF-C349-4AD2-81ED-71142BF9A570}.Debug|Any CPU.Build.0 = Debug|Any CPU
		{C5048BBF-C349-4AD2-81ED-71142BF9A570}.Release|Any CPU.ActiveCfg = Release|Any CPU
		{C5048BBF-C349-4AD2-81ED-71142BF9A570}.Release|Any CPU.Build.0 = Release|Any CPU
	EndGlobalSection
	GlobalSection(SolutionProperties) = preSolution
		HideSolutionNode = FALSE
	EndGlobalSection
	GlobalSection(ExtensibilityGlobals) = postSolution
		SolutionGuid = {A0D28D8F-C284-4E9B-B87B-1B06046703A6}
	EndGlobalSection
EndGlobal
